
Microsoft Visual Studio Solution File, Format Version 11.00
# Visual Web Developer Express 2010
Project("{FAE04EC0-301F-11D3-BF4B-00C04F79EFBC}") = "PP2024_V10", "PP2024_V10.csproj", "{FB77D3B0-041F-4D1F-9988-4093908EF63A}"
EndProject
Global
	GlobalSection(SolutionConfigurationPlatforms) = preSolution
		Debug|Any CPU = Debug|Any CPU
		Release|Any CPU = Release|Any CPU
	EndGlobalSection
	GlobalSection(ProjectConfigurationPlatforms) = postSolution
		{FB77D3B0-041F-4D1F-9988-4093908EF63A}.Debug|Any CPU.ActiveCfg = Debug|Any CPU
		{FB77D3B0-041F-4D1F-9988-4093908EF63A}.Debug|Any CPU.Build.0 = Debug|Any CPU
		{FB77D3B0-041F-4D1F-9988-4093908EF63A}.Release|Any CPU.ActiveCfg = Release|Any CPU
		{FB77D3B0-041F-4D1F-9988-4093908EF63A}.Release|Any CPU.Build.0 = Release|Any CPU
	EndGlobalSection
	GlobalSection(SolutionProperties) = preSolution
		HideSolutionNode = FALSE
	EndGlobalSection
EndGlobal
